
Microsoft Visual Studio Solution File, Format Version 12.00
# Visual Studio Version 17
VisualStudioVersion = 17.4.33205.214
MinimumVisualStudioVersion = 10.0.40219.1
Project("{FAE04EC0-301F-11D3-BF4B-00C04F79EFBC}") = "Playnite", "Source\Playnite\Playnite.csproj", "{AD271E73-8A13-4C4E-BFDC-3076646B59E3}"
EndProject
Project("{FAE04EC0-301F-11D3-BF4B-00C04F79EFBC}") = "Playnite.SDK", "Source\Playnite.SDK\Playnite.SDK.csproj", "{19BC9097-5705-4352-90E2-99F0C63230D0}"
EndProject
Project("{FAE04EC0-301F-11D3-BF4B-00C04F79EFBC}") = "Playnite.DesktopApp", "Source\Playnite.DesktopApp\Playnite.DesktopApp.csproj", "{26DCC539-E67F-4CB5-970F-F02C1F5C6E00}"
EndProject
Project("{FAE04EC0-301F-11D3-BF4B-00C04F79EFBC}") = "Playnite.FullscreenApp", "Source\Playnite.FullscreenApp\Playnite.FullscreenApp.csproj", "{DF38BFD7-C6B8-4CF7-942F-378548ED76B6}"
EndProject
Project("{FAE04EC0-301F-11D3-BF4B-00C04F79EFBC}") = "Playnite.Toolbox", "Source\Playnite.Toolbox\Playnite.Toolbox.csproj", "{9C73C47E-64C2-4691-A602-A8463185E232}"
EndProject
Project("{2150E333-8FDC-42A3-9474-1A3956D46DE8}") = "Configuration", "Configuration", "{035EF581-34EE-40ED-8BE9-F1A50B393E41}"
EndProject
Project("{2150E333-8FDC-42A3-9474-1A3956D46DE8}") = "Development", "Development", "{BC6C934B-5E82-4D4B-B075-F15CAE9D13BF}"
EndProject
Project("{2150E333-8FDC-42A3-9474-1A3956D46DE8}") = "Playnite", "Playnite", "{E2AC9A1F-DD52-4B48-902B-898F2C65259B}"
	ProjectSection(SolutionItems) = preProject
		Source\Configuration\Development\Playnite\Common.config = Source\Configuration\Development\Playnite\Common.config
	EndProjectSection
EndProject
Project("{2150E333-8FDC-42A3-9474-1A3956D46DE8}") = "Distribution", "Distribution", "{6DDDA8DA-3AC4-44EF-A30F-FF1AA4EEECFE}"
EndProject
Project("{2150E333-8FDC-42A3-9474-1A3956D46DE8}") = "Playnite", "Playnite", "{93574DF9-1305-4F61-AEEF-6B588B1BD2FA}"
	ProjectSection(SolutionItems) = preProject
		Source\Configuration\Distribution\Playnite\Common.config = Source\Configuration\Distribution\Playnite\Common.config
	EndProjectSection
EndProject
Global
	GlobalSection(SolutionConfigurationPlatforms) = preSolution
		Debug|Any CPU = Debug|Any CPU
		Debug|x64 = Debug|x64
		Debug|x86 = Debug|x86
		Release|Any CPU = Release|Any CPU
		Release|x64 = Release|x64
		Release|x86 = Release|x86
		ReleaseUpgrade|Any CPU = ReleaseUpgrade|Any CPU
		ReleaseUpgrade|x64 = ReleaseUpgrade|x64
		ReleaseUpgrade|x86 = ReleaseUpgrade|x86
	EndGlobalSection
	GlobalSection(ProjectConfigurationPlatforms) = postSolution
		{AD271E73-8A13-4C4E-BFDC-3076646B59E3}.Debug|Any CPU.ActiveCfg = Debug|Any CPU
		{AD271E73-8A13-4C4E-BFDC-3076646B59E3}.Debug|Any CPU.Build.0 = Debug|Any CPU
		{AD271E73-8A13-4C4E-BFDC-3076646B59E3}.Debug|x64.ActiveCfg = Debug|x64
		{AD271E73-8A13-4C4E-BFDC-3076646B59E3}.Debug|x64.Build.0 = Debug|x64
		{AD271E73-8A13-4C4E-BFDC-3076646B59E3}.Debug|x86.ActiveCfg = Debug|x86
		{AD271E73-8A13-4C4E-BFDC-3076646B59E3}.Debug|x86.Build.0 = Debug|x86
		{AD271E73-8A13-4C4E-BFDC-3076646B59E3}.Release|Any CPU.ActiveCfg = Release|Any CPU
		{AD271E73-8A13-4C4E-BFDC-3076646B59E3}.Release|Any CPU.Build.0 = Release|Any CPU
		{AD271E73-8A13-4C4E-BFDC-3076646B59E3}.Release|x64.ActiveCfg = Release|x64
		{AD271E73-8A13-4C4E-BFDC-3076646B59E3}.Release|x64.Build.0 = Release|x64
		{AD271E73-8A13-4C4E-BFDC-3076646B59E3}.Release|x86.ActiveCfg = Release|x86
		{AD271E73-8A13-4C4E-BFDC-3076646B59E3}.Release|x86.Build.0 = Release|x86
		{AD271E73-8A13-4C4E-BFDC-3076646B59E3}.ReleaseUpgrade|Any CPU.ActiveCfg = ReleaseUpgrade|Any CPU
		{AD271E73-8A13-4C4E-BFDC-3076646B59E3}.ReleaseUpgrade|Any CPU.Build.0 = ReleaseUpgrade|Any CPU
		{AD271E73-8A13-4C4E-BFDC-3076646B59E3}.ReleaseUpgrade|x64.ActiveCfg = ReleaseUpgrade|x64
		{AD271E73-8A13-4C4E-BFDC-3076646B59E3}.ReleaseUpgrade|x64.Build.0 = ReleaseUpgrade|x64
		{AD271E73-8A13-4C4E-BFDC-3076646B59E3}.ReleaseUpgrade|x86.ActiveCfg = ReleaseUpgrade|x86
		{AD271E73-8A13-4C4E-BFDC-3076646B59E3}.ReleaseUpgrade|x86.Build.0 = ReleaseUpgrade|x86
		{19BC9097-5705-4352-90E2-99F0C63230D0}.Debug|Any CPU.ActiveCfg = Debug|Any CPU
		{19BC9097-5705-4352-90E2-99F0C63230D0}.Debug|Any CPU.Build.0 = Debug|Any CPU
		{19BC9097-5705-4352-90E2-99F0C63230D0}.Debug|x64.ActiveCfg = Debug|Any CPU
		{19BC9097-5705-4352-90E2-99F0C63230D0}.Debug|x64.Build.0 = Debug|Any CPU
		{19BC9097-5705-4352-90E2-99F0C63230D0}.Debug|x86.ActiveCfg = Debug|Any CPU
		{19BC9097-5705-4352-90E2-99F0C63230D0}.Debug|x86.Build.0 = Debug|Any CPU
		{19BC9097-5705-4352-90E2-99F0C63230D0}.Release|Any CPU.ActiveCfg = Release|Any CPU
		{19BC9097-5705-4352-90E2-99F0C63230D0}.Release|Any CPU.Build.0 = Release|Any CPU
		{19BC9097-5705-4352-90E2-99F0C63230D0}.Release|x64.ActiveCfg = Release|Any CPU
		{19BC9097-5705-4352-90E2-99F0C63230D0}.Release|x64.Build.0 = Release|Any CPU
		{19BC9097-5705-4352-90E2-99F0C63230D0}.Release|x86.ActiveCfg = Release|Any CPU
		{19BC9097-5705-4352-90E2-99F0C63230D0}.Release|x86.Build.0 = Release|Any CPU
		{19BC9097-5705-4352-90E2-99F0C63230D0}.ReleaseUpgrade|Any CPU.ActiveCfg = ReleaseUpgrade|Any CPU
		{19BC9097-5705-4352-90E2-99F0C63230D0}.ReleaseUpgrade|Any CPU.Build.0 = ReleaseUpgrade|Any CPU
		{19BC9097-5705-4352-90E2-99F0C63230D0}.ReleaseUpgrade|x64.ActiveCfg = ReleaseUpgrade|Any CPU
		{19BC9097-5705-4352-90E2-99F0C63230D0}.ReleaseUpgrade|x64.Build.0 = ReleaseUpgrade|Any CPU
		{19BC9097-5705-4352-90E2-99F0C63230D0}.ReleaseUpgrade|x86.ActiveCfg = ReleaseUpgrade|Any CPU
		{19BC9097-5705-4352-90E2-99F0C63230D0}.ReleaseUpgrade|x86.Build.0 = ReleaseUpgrade|Any CPU
		{26DCC539-E67F-4CB5-970F-F02C1F5C6E00}.Debug|Any CPU.ActiveCfg = Debug|Any CPU
		{26DCC539-E67F-4CB5-970F-F02C1F5C6E00}.Debug|Any CPU.Build.0 = Debug|Any CPU
		{26DCC539-E67F-4CB5-970F-F02C1F5C6E00}.Debug|x64.ActiveCfg = Debug|x64
		{26DCC539-E67F-4CB5-970F-F02C1F5C6E00}.Debug|x64.Build.0 = Debug|x64
		{26DCC539-E67F-4CB5-970F-F02C1F5C6E00}.Debug|x86.ActiveCfg = Debug|x86
		{26DCC539-E67F-4CB5-970F-F02C1F5C6E00}.Debug|x86.Build.0 = Debug|x86
		{26DCC539-E67F-4CB5-970F-F02C1F5C6E00}.Release|Any CPU.ActiveCfg = Release|Any CPU
		{26DCC539-E67F-4CB5-970F-F02C1F5C6E00}.Release|Any CPU.Build.0 = Release|Any CPU
		{26DCC539-E67F-4CB5-970F-F02C1F5C6E00}.Release|x64.ActiveCfg = Release|x64
		{26DCC539-E67F-4CB5-970F-F02C1F5C6E00}.Release|x64.Build.0 = Release|x64
		{26DCC539-E67F-4CB5-970F-F02C1F5C6E00}.Release|x86.ActiveCfg = Release|x86
		{26DCC539-E67F-4CB5-970F-F02C1F5C6E00}.Release|x86.Build.0 = Release|x86
		{26DCC539-E67F-4CB5-970F-F02C1F5C6E00}.ReleaseUpgrade|Any CPU.ActiveCfg = ReleaseUpgrade|Any CPU
		{26DCC539-E67F-4CB5-970F-F02C1F5C6E00}.ReleaseUpgrade|Any CPU.Build.0 = ReleaseUpgrade|Any CPU
		{26DCC539-E67F-4CB5-970F-F02C1F5C6E00}.ReleaseUpgrade|x64.ActiveCfg = ReleaseUpgrade|x64
		{26DCC539-E67F-4CB5-970F-F02C1F5C6E00}.ReleaseUpgrade|x64.Build.0 = ReleaseUpgrade|x64
		{26DCC539-E67F-4CB5-970F-F02C1F5C6E00}.ReleaseUpgrade|x86.ActiveCfg = ReleaseUpgrade|x86
		{26DCC539-E67F-4CB5-970F-F02C1F5C6E00}.ReleaseUpgrade|x86.Build.0 = ReleaseUpgrade|x86
		{DF38BFD7-C6B8-4CF7-942F-378548ED76B6}.Debug|Any CPU.ActiveCfg = Debug|Any CPU
		{DF38BFD7-C6B8-4CF7-942F-378548ED76B6}.Debug|Any CPU.Build.0 = Debug|Any CPU
		{DF38BFD7-C6B8-4CF7-942F-378548ED76B6}.Debug|x64.ActiveCfg = Debug|x64
		{DF38BFD7-C6B8-4CF7-942F-378548ED76B6}.Debug|x64.Build.0 = Debug|x64
		{DF38BFD7-C6B8-4CF7-942F-378548ED76B6}.Debug|x86.ActiveCfg = Debug|x86
		{DF38BFD7-C6B8-4CF7-942F-378548ED76B6}.Debug|x86.Build.0 = Debug|x86
		{DF38BFD7-C6B8-4CF7-942F-378548ED76B6}.Release|Any CPU.ActiveCfg = Release|Any CPU
		{DF38BFD7-C6B8-4CF7-942F-378548ED76B6}.Release|Any CPU.Build.0 = Release|Any CPU
		{DF38BFD7-C6B8-4CF7-942F-378548ED76B6}.Release|x64.ActiveCfg = Release|x64
		{DF38BFD7-C6B8-4CF7-942F-378548ED76B6}.Release|x64.Build.0 = Release|x64
		{DF38BFD7-C6B8-4CF7-942F-378548ED76B6}.Release|x86.ActiveCfg = Release|x86
		{DF38BFD7-C6B8-4CF7-942F-378548ED76B6}.Release|x86.Build.0 = Release|x86
		{DF38BFD7-C6B8-4CF7-942F-378548ED76B6}.ReleaseUpgrade|Any CPU.ActiveCfg = ReleaseUpgrade|Any CPU
		{DF38BFD7-C6B8-4CF7-942F-378548ED76B6}.ReleaseUpgrade|Any CPU.Build.0 = ReleaseUpgrade|Any CPU
		{DF38BFD7-C6B8-4CF7-942F-378548ED76B6}.ReleaseUpgrade|x64.ActiveCfg = ReleaseUpgrade|x64
		{DF38BFD7-C6B8-4CF7-942F-378548ED76B6}.ReleaseUpgrade|x64.Build.0 = ReleaseUpgrade|x64
		{DF38BFD7-C6B8-4CF7-942F-378548ED76B6}.ReleaseUpgrade|x86.ActiveCfg = ReleaseUpgrade|x86
		{DF38BFD7-C6B8-4CF7-942F-378548ED76B6}.ReleaseUpgrade|x86.Build.0 = ReleaseUpgrade|x86
		{9C73C47E-64C2-4691-A602-A8463185E232}.Debug|Any CPU.ActiveCfg = Debug|Any CPU
		{9C73C47E-64C2-4691-A602-A8463185E232}.Debug|Any CPU.Build.0 = Debug|Any CPU
		{9C73C47E-64C2-4691-A602-A8463185E232}.Debug|x64.ActiveCfg = Debug|x64
		{9C73C47E-64C2-4691-A602-A8463185E232}.Debug|x64.Build.0 = Debug|x64
		{9C73C47E-64C2-4691-A602-A8463185E232}.Debug|x86.ActiveCfg = Debug|x86
		{9C73C47E-64C2-4691-A602-A8463185E232}.Debug|x86.Build.0 = Debug|x86
		{9C73C47E-64C2-4691-A602-A8463185E232}.Release|Any CPU.ActiveCfg = Release|Any CPU
		{9C73C47E-64C2-4691-A602-A8463185E232}.Release|Any CPU.Build.0 = Release|Any CPU
		{9C73C47E-64C2-4691-A602-A8463185E232}.Release|x64.ActiveCfg = Release|x64
		{9C73C47E-64C2-4691-A602-A8463185E232}.Release|x64.Build.0 = Release|x64
		{9C73C47E-64C2-4691-A602-A8463185E232}.Release|x86.ActiveCfg = Release|x86
		{9C73C47E-64C2-4691-A602-A8463185E232}.Release|x86.Build.0 = Release|x86
		{9C73C47E-64C2-4691-A602-A8463185E232}.ReleaseUpgrade|Any CPU.ActiveCfg = ReleaseUpgrade|Any CPU
		{9C73C47E-64C2-4691-A602-A8463185E232}.ReleaseUpgrade|Any CPU.Build.0 = ReleaseUpgrade|Any CPU
		{9C73C47E-64C2-4691-A602-A8463185E232}.ReleaseUpgrade|x64.ActiveCfg = ReleaseUpgrade|x64
		{9C73C47E-64C2-4691-A602-A8463185E232}.ReleaseUpgrade|x64.Build.0 = ReleaseUpgrade|x64
		{9C73C47E-64C2-4691-A602-A8463185E232}.ReleaseUpgrade|x86.ActiveCfg = ReleaseUpgrade|x86
		{9C73C47E-64C2-4691-A602-A8463185E232}.ReleaseUpgrade|x86.Build.0 = ReleaseUpgrade|x86
	EndGlobalSection
	GlobalSection(SolutionProperties) = preSolution
		HideSolutionNode = FALSE
	EndGlobalSection
	GlobalSection(NestedProjects) = preSolution
		{BC6C934B-5E82-4D4B-B075-F15CAE9D13BF} = {035EF581-34EE-40ED-8BE9-F1A50B393E41}
		{E2AC9A1F-DD52-4B48-902B-898F2C65259B} = {BC6C934B-5E82-4D4B-B075-F15CAE9D13BF}
		{6DDDA8DA-3AC4-44EF-A30F-FF1AA4EEECFE} = {035EF581-34EE-40ED-8BE9-F1A50B393E41}
		{93574DF9-1305-4F61-AEEF-6B588B1BD2FA} = {6DDDA8DA-3AC4-44EF-A30F-FF1AA4EEECFE}
	EndGlobalSection
	GlobalSection(ExtensibilityGlobals) = postSolution
		SolutionGuid = {3300FF38-9F6F-4C0F-87F3-776D6C64846D}
	EndGlobalSection
EndGlobal
